
Microsoft Visual Studio Solution File, Format Version 12.00
# Visual Studio Version 16
VisualStudioVersion = 16.0.29324.140
MinimumVisualStudioVersion = 10.0.40219.1
Project("{8BC9CEB8-8B4A-11D0-8D11-00A0C91BC942}") = "Huffman-Arithmetic-Encoding", "Huffman-Arithmetic-Encoding.vcxproj", "{80098264-52CD-43B2-8713-6B78733D4606}"
EndProject
Global
	GlobalSection(SolutionConfigurationPlatforms) = preSolution
		Debug|x64 = Debug|x64
		Debug|x86 = Debug|x86
		Release|x64 = Release|x64
		Release|x86 = Release|x86
	EndGlobalSection
	GlobalSection(ProjectConfigurationPlatforms) = postSolution
		{80098264-52CD-43B2-8713-6B78733D4606}.Debug|x64.ActiveCfg = Debug|x64
		{80098264-52CD-43B2-8713-6B78733D4606}.Debug|x64.Build.0 = Debug|x64
		{80098264-52CD-43B2-8713-6B78733D4606}.Debug|x86.ActiveCfg = Debug|Win32
		{80098264-52CD-43B2-8713-6B78733D4606}.Debug|x86.Build.0 = Debug|Win32
		{80098264-52CD-43B2-8713-6B78733D4606}.Release|x64.ActiveCfg = Release|x64
		{80098264-52CD-43B2-8713-6B78733D4606}.Release|x64.Build.0 = Release|x64
		{80098264-52CD-43B2-8713-6B78733D4606}.Release|x86.ActiveCfg = Release|Win32
		{80098264-52CD-43B2-8713-6B78733D4606}.Release|x86.Build.0 = Release|Win32
	EndGlobalSection
	GlobalSection(SolutionProperties) = preSolution
		HideSolutionNode = FALSE
	EndGlobalSection
	GlobalSection(ExtensibilityGlobals) = postSolution
		SolutionGuid = {E1888094-B45C-4467-AAF8-88BA8BA31443}
	EndGlobalSection
EndGlobal
